
Microsoft Visual Studio Solution File, Format Version 12.00
# Visual Studio Version 17
VisualStudioVersion = 17.2.32526.322
MinimumVisualStudioVersion = 10.0.40219.1
Project("{FAE04EC0-301F-11D3-BF4B-00C04F79EFBC}") = "CodeFirstExample", "CodeFirstExample\CodeFirstExample.csproj", "{C3CD2957-5E81-479A-AC28-17F43E71A0F5}"
EndProject
Global
	GlobalSection(SolutionConfigurationPlatforms) = preSolution
		Debug|Any CPU = Debug|Any CPU
		Release|Any CPU = Release|Any CPU
	EndGlobalSection
	GlobalSection(ProjectConfigurationPlatforms) = postSolution
		{C3CD2957-5E81-479A-AC28-17F43E71A0F5}.Debug|Any CPU.ActiveCfg = Debug|Any CPU
		{C3CD2957-5E81-479A-AC28-17F43E71A0F5}.Debug|Any CPU.Build.0 = Debug|Any CPU
		{C3CD2957-5E81-479A-AC28-17F43E71A0F5}.Release|Any CPU.ActiveCfg = Release|Any CPU
		{C3CD2957-5E81-479A-AC28-17F43E71A0F5}.Release|Any CPU.Build.0 = Release|Any CPU
	EndGlobalSection
	GlobalSection(SolutionProperties) = preSolution
		HideSolutionNode = FALSE
	EndGlobalSection
	GlobalSection(ExtensibilityGlobals) = postSolution
		SolutionGuid = {F761EEE8-9A0F-498B-8A47-AA2F57E58971}
	EndGlobalSection
EndGlobal
